<?xml version="1.0" encoding="utf-8"?>
<Project ToolsVersion="4.0" xmlns="http://schemas.microsoft.com/developer/msbuild/2003">
  <ItemGroup>
    <Filter Include="Source Files">
      <UniqueIdentifier>{4FC737F1-C7A5-4376-A066-2A32D752A2FF}</UniqueIdentifier>
      <Extensions>cpp;c;cc;cxx;c++;cppm;ixx;def;odl;idl;hpj;bat;asm;asmx</Extensions>
    </Filter>
    <Filter Include="Header Files">
      <UniqueIdentifier>{93995380-89BD-4b04-88EB-625FBE52EBFB}</UniqueIdentifier>
      <Extensions>h;hh;hpp;hxx;h++;hm;inl;inc;ipp;xsd</Extensions>
    </Filter>
    <Filter Include="Resource Files">
      <UniqueIdentifier>{67DA6AB6-F800-4c08-8B7A-83BB121AAD01}</UniqueIdentifier>
      <Extensions>rc;ico;cur;bmp;dlg;rc2;rct;bin;rgs;gif;jpg;jpeg;jpe;resx;tiff;tif;png;wav;mfcribbon-ms</Extensions>
    </Filter>
    <Filter Include="Source Files\fileH">
      <UniqueIdentifier>{72ad9dfc-587b-4cc1-8ff0-0a965420a280}</UniqueIdentifier>
    </Filter>
  </ItemGroup>
  <ItemGroup>
    <ClCompile Include="main.c">
      <Filter>Source Files</Filter>
    </ClCompile>
    <ClCompile Include="D_account.c">
      <Filter>Source Files</Filter>
    </ClCompile>
    <ClCompile Include="D_register.c">
      <Filter>Source Files</Filter>
    </ClCompile>
    <ClCompile Include="D_login.c">
      <Filter>Source Files</Filter>
    </ClCompile>
    <ClCompile Include="backLogin.c">
      <Filter>Source Files</Filter>
    </ClCompile>
    <ClCompile Include="backPassword.c">
      <Filter>Source Files</Filter>
    </ClCompile>
    <ClCompile Include="objects.c">
      <Filter>Source Files</Filter>
    </ClCompile>
    <ClCompile Include="static_text.c">
      <Filter>Source Files</Filter>
    </ClCompile>
    <ClCompile Include="backRegister.c">
      <Filter>Source Files</Filter>
    </ClCompile>
    <ClCompile Include="D_QRcode.c">
      <Filter>Source Files</Filter>
    </ClCompile>
    <ClCompile Include="gameMode.c">
      <Filter>Source Files</Filter>
    </ClCompile>
    <ClCompile Include="D_story.c">
      <Filter>Source Files</Filter>
    </ClCompile>
    <ClCompile Include="D_help.c">
      <Filter>Source Files</Filter>
    </ClCompile>
    <ClCompile Include="preGameplay.c">
      <Filter>Source Files</Filter>
    </ClCompile>
  </ItemGroup>
  <ItemGroup>
    <ClInclude Include="SDLlib.h">
      <Filter>Source Files\fileH</Filter>
    </ClInclude>
    <ClInclude Include="color.h">
      <Filter>Source Files\fileH</Filter>
    </ClInclude>
    <ClInclude Include="text_font.h">
      <Filter>Source Files\fileH</Filter>
    </ClInclude>
  </ItemGroup>
</Project>